// !$*UTF8*$!
{
	archiveVersion = 1;
	classes = {
	};
	objectVersion = 50;
	objects = {

/* Begin PBXBuildFile section */
		ACEF7AE322F7B15B00840EFA /* AppDelegate.swift in Sources */ = {isa = PBXBuildFile; fileRef = ACEF7AE222F7B15B00840EFA /* AppDelegate.swift */; };
		ACEF7AE522F7B15B00840EFA /* ViewController.swift in Sources */ = {isa = PBXBuildFile; fileRef = ACEF7AE422F7B15B00840EFA /* ViewController.swift */; };
		ACEF7AE822F7B15B00840EFA /* Main.storyboard in Resources */ = {isa = PBXBuildFile; fileRef = ACEF7AE622F7B15B00840EFA /* Main.storyboard */; };
		ACEF7AEA22F7B15C00840EFA /* Assets.xcassets in Resources */ = {isa = PBXBuildFile; fileRef = ACEF7AE922F7B15C00840EFA /* Assets.xcassets */; };
		ACEF7AED22F7B15C00840EFA /* LaunchScreen.storyboard in Resources */ = {isa = PBXBuildFile; fileRef = ACEF7AEB22F7B15C00840EFA /* LaunchScreen.storyboard */; };
/* End PBXBuildFile section */

/* Begin PBXFileReference section */
		ACEF7ADF22F7B15B00840EFA /* Gesture Counter.app */ = {isa = PBXFileReference; explicitFileType = wrapper.application; includeInIndex = 0; path = "Gesture Counter.app"; sourceTree = BUILT_PRODUCTS_DIR; };
		ACEF7AE222F7B15B00840EFA /* AppDelegate.swift */ = {isa = PBXFileReference; lastKnownFileType = sourcecode.swift; path = AppDelegate.swift; sourceTree = "<group>"; };
		ACEF7AE422F7B15B00840EFA /* ViewController.swift */ = {isa = PBXFileReference; lastKnownFileType = sourcecode.swift; path = ViewController.swift; sourceTree = "<group>"; };
		ACEF7AE722F7B15B00840EFA /* Base */ = {isa = PBXFileReference; lastKnownFileType = file.storyboard; name = Base; path = Base.lproj/Main.storyboard; sourceTree = "<group>"; };
		ACEF7AE922F7B15C00840EFA /* Assets.xcassets */ = {isa = PBXFileReference; lastKnownFileType = folder.assetcatalog; path = Assets.xcassets; sourceTree = "<group>"; };
		ACEF7AEC22F7B15C00840EFA /* Base */ = {isa = PBXFileReference; lastKnownFileType = file.storyboard; name = Base; path = Base.lproj/LaunchScreen.storyboard; sourceTree = "<group>"; };
		ACEF7AEE22F7B15C00840EFA /* Info.plist */ = {isa = PBXFileReference; lastKnownFileType = text.plist.xml; path = Info.plist; sourceTree = "<group>"; };
/* End PBXFileReference section */

/* Begin PBXFrameworksBuildPhase section */
		ACEF7ADC22F7B15B00840EFA /* Frameworks */ = {
			isa = PBXFrameworksBuildPhase;
			buildActionMask = 2147483647;
			files = (
			);
			runOnlyForDeploymentPostprocessing = 0;
		};
/* End PBXFrameworksBuildPhase section */

/* Begin PBXGroup section */
		ACEF7AD622F7B15B00840EFA = {
			isa = PBXGroup;
			children = (
				ACEF7AE122F7B15B00840EFA /* Gesture Counter */,
				ACEF7AE022F7B15B00840EFA /* Products */,
			);
			sourceTree = "<group>";
		};
		ACEF7AE022F7B15B00840EFA /* Products */ = {
			isa = PBXGroup;
			children = (
				ACEF7ADF22F7B15B00840EFA /* Gesture Counter.app */,
			);
			name = Products;
			sourceTree = "<group>";
		};
		ACEF7AE122F7B15B00840EFA /* Gesture Counter */ = {
			isa = PBXGroup;
			children = (
				ACEF7AE222F7B15B00840EFA /* AppDelegate.swift */,
				ACEF7AE422F7B15B00840EFA /* ViewController.swift */,
				ACEF7AE622F7B15B00840EFA /* Main.storyboard */,
				ACEF7AE922F7B15C00840EFA /* Assets.xcassets */,
				ACEF7AEB22F7B15C00840EFA /* LaunchScreen.storyboard */,
				ACEF7AEE22F7B15C00840EFA /* Info.plist */,
			);
			path = "Gesture Counter";
			sourceTree = "<group>";
		};
/* End PBXGroup section */

/* Begin PBXNativeTarget section */
		ACEF7ADE22F7B15B00840EFA /* Gesture Counter */ = {
			isa = PBXNativeTarget;
			buildConfigurationList = ACEF7AF122F7B15C00840EFA /* Build configuration list for PBXNativeTarget "Gesture Counter" */;
			buildPhases = (
				ACEF7ADB22F7B15B00840EFA /* Sources */,
				ACEF7ADC22F7B15B00840EFA /* Frameworks */,
				ACEF7ADD22F7B15B00840EFA /* Resources */,
			);
			buildRules = (
			);
			dependencies = (
			);
			name = "Gesture Counter";
			productName = "Gesture Counter";
			productReference = ACEF7ADF22F7B15B00840EFA /* Gesture Counter.app */;
			productType = "com.apple.product-type.application";
		};
/* End PBXNativeTarget section */

/* Begin PBXProject section */
		ACEF7AD722F7B15B00840EFA /* Project object */ = {
			isa = PBXProject;
			attributes = {
				LastSwiftUpdateCheck = 1030;
				LastUpgradeCheck = 1030;
				ORGANIZATIONNAME = "Digital Mirko";
				TargetAttributes = {
					ACEF7ADE22F7B15B00840EFA = {
						CreatedOnToolsVersion = 10.3;
					};
				};
			};
			buildConfigurationList = ACEF7ADA22F7B15B00840EFA /* Build configuration list for PBXProject "Gesture Counter" */;
			compatibilityVersion = "Xcode 9.3";
			developmentRegion = en;
			hasScannedForEncodings = 0;
			knownRegions = (
				en,
				Base,
			);
			mainGroup = ACEF7AD622F7B15B00840EFA;
			productRefGroup = ACEF7AE022F7B15B00840EFA /* Products */;
			projectDirPath = "";
			projectRoot = "";
			targets = (
				ACEF7ADE22F7B15B00840EFA /* Gesture Counter */,
			);
		};
/* End PBXProject section */

/* Begin PBXResourcesBuildPhase section */
		ACEF7ADD22F7B15B00840EFA /* Resources */ = {
			isa = PBXResourcesBuildPhase;
			buildActionMask = 2147483647;
			files = (
				ACEF7AED22F7B15C00840EFA /* LaunchScreen.storyboard in Resources */,
				ACEF7AEA22F7B15C00840EFA /* Assets.xcassets in Resources */,
				ACEF7AE822F7B15B00840EFA /* Main.storyboard in Resources */,
			);
			runOnlyForDeploymentPostprocessing = 0;
		};
/* End PBXResourcesBuildPhase section */

/* Begin PBXSourcesBuildPhase section */
		ACEF7ADB22F7B15B00840EFA /* Sources */ = {
			isa = PBXSourcesBuildPhase;
			buildActionMask = 2147483647;
			files = (
				ACEF7AE522F7B15B00840EFA /* ViewController.swift in Sources */,
				ACEF7AE322F7B15B00840EFA /* AppDelegate.swift in Sources */,
			);
			runOnlyForDeploymentPostprocessing = 0;
		};
/* End PBXSourcesBuildPhase section */

/* Begin PBXVariantGroup section */
		ACEF7AE622F7B15B00840EFA /* Main.storyboard */ = {
			isa = PBXVariantGroup;
			children = (
				ACEF7AE722F7B15B00840EFA /* Base */,
			);
			name = Main.storyboard;
			sourceTree = "<group>";
		};
		ACEF7AEB22F7B15C00840EFA /* LaunchScreen.storyboard */ = {
			isa = PBXVariantGroup;
			children = (
				ACEF7AEC22F7B15C00840EFA /* Base */,
			);
			name = LaunchScreen.storyboard;
			sourceTree = "<group>";
		};
/* End PBXVariantGroup section */

/* Begin XCBuildConfiguration section */
		ACEF7AEF22F7B15C00840EFA /* Debug */ = {
			isa = XCBuildConfiguration;
			buildSettings = {
				ALWAYS_SEARCH_USER_PATHS = NO;
				CLANG_ANALYZER_NONNULL = YES;
				CLANG_ANALYZER_NUMBER_OBJECT_CONVERSION = YES_AGGRESSIVE;
				CLANG_CXX_LANGUAGE_STANDARD = "gnu++14";
				CLANG_CXX_LIBRARY = "libc++";
				CLANG_ENABLE_MODULES = YES;
				CLANG_ENABLE_OBJC_ARC = YES;
				CLANG_ENABLE_OBJC_WEAK = YES;
				CLANG_WARN_BLOCK_CAPTURE_AUTORELEASING = YES;
				CLANG_WARN_BOOL_CONVERSION = YES;
				CLANG_WARN_COMMA = YES;
				CLANG_WARN_CONSTANT_CONVERSION = YES;
				CLANG_WARN_DEPRECATED_OBJC_IMPLEMENTATIONS = YES;
				CLANG_WARN_DIRECT_OBJC_ISA_USAGE = YES_ERROR;
				CLANG_WARN_DOCUMENTATION_COMMENTS = YES;
				CLANG_WARN_EMPTY_BODY = YES;
				CLANG_WARN_ENUM_CONVERSION = YES;
				CLANG_WARN_INFINITE_RECURSION = YES;
				CLANG_WARN_INT_CONVERSION = YES;
				CLANG_WARN_NON_LITERAL_NULL_CONVERSION = YES;
				CLANG_WARN_OBJC_IMPLICIT_RETAIN_SELF = YES;
				CLANG_WARN_OBJC_LITERAL_CONVERSION = YES;
				CLANG_WARN_OBJC_ROOT_CLASS = YES_ERROR;
				CLANG_WARN_RANGE_LOOP_ANALYSIS = YES;
				CLANG_WARN_STRICT_PROTOTYPES = YES;
				CLANG_WARN_SUSPICIOUS_MOVE = YES;
				CLANG_WARN_UNGUARDED_AVAILABILITY = YES_AGGRESSIVE;
				CLANG_WARN_UNREACHABLE_CODE = YES;
				CLANG_WARN__DUPLICATE_METHOD_MATCH = YES;
				CODE_SIGN_IDENTITY = "iPhone Developer";
				COPY_PHASE_STRIP = NO;
				DEBUG_INFORMATION_FORMAT = dwarf;
				ENABLE_STRICT_OBJC_MSGSEND = YES;
				ENABLE_TESTABILITY = YES;
				GCC_C_LANGUAGE_STANDARD = gnu11;
				GCC_DYNAMIC_NO_PIC = NO;
				GCC_NO_COMMON_BLOCKS = YES;
				GCC_OPTIMIZATION_LEVEL = 0;
				GCC_PREPROCESSOR_DEFINITIONS = (
					"DEBUG=1",
					"$(inherited)",
				);
				GCC_WARN_64_TO_32_BIT_CONVERSION = YES;
				GCC_WARN_ABOUT_RETURN_TYPE = YES_ERROR;
				GCC_WARN_UNDECLARED_SELECTOR = YES;
				GCC_WARN_UNINITIALIZED_AUTOS = YES_AGGRESSIVE;
				GCC_WARN_UNUSED_FUNCTION = YES;
				GCC_WARN_UNUSED_VARIABLE = YES;
				IPHONEOS_DEPLOYMENT_TARGET = 12.4;
				MTL_ENABLE_DEBUG_INFO = INCLUDE_SOURCE;
				MTL_FAST_MATH = YES;
				ONLY_ACTIVE_ARCH = YES;
				SDKROOT = iphoneos;
				SWIFT_ACTIVE_COMPILATION_CONDITIONS = DEBUG;
				SWIFT_OPTIMIZATION_LEVEL = "-Onone";
			};
			name = Debug;
		};
		ACEF7AF022F7B15C00840EFA /* Release */ = {
			isa = XCBuildConfiguration;
			buildSettings = {
				ALWAYS_SEARCH_USER_PATHS = NO;
				CLANG_ANALYZER_NONNULL = YES;
				CLANG_ANALYZER_NUMBER_OBJECT_CONVERSION = YES_AGGRESSIVE;
				CLANG_CXX_LANGUAGE_STANDARD = "gnu++14";
				CLANG_CXX_LIBRARY = "libc++";
				CLANG_ENABLE_MODULES = YES;
				CLANG_ENABLE_OBJC_ARC = YES;
				CLANG_ENABLE_OBJC_WEAK = YES;
				CLANG_WARN_BLOCK_CAPTURE_AUTORELEASING = YES;
				CLANG_WARN_BOOL_CONVERSION = YES;
				CLANG_WARN_COMMA = YES;
				CLANG_WARN_CONSTANT_CONVERSION = YES;
				CLANG_WARN_DEPRECATED_OBJC_IMPLEMENTATIONS = YES;
				CLANG_WARN_DIRECT_OBJC_ISA_USAGE = YES_ERROR;
				CLANG_WARN_DOCUMENTATION_COMMENTS = YES;
				CLANG_WARN_EMPTY_BODY = YES;
				CLANG_WARN_ENUM_CONVERSION = YES;
				CLANG_WARN_INFINITE_RECURSION = YES;
				CLANG_WARN_INT_CONVERSION = YES;
				CLANG_WARN_NON_LITERAL_NULL_CONVERSION = YES;
				CLANG_WARN_OBJC_IMPLICIT_RETAIN_SELF = YES;
				CLANG_WARN_OBJC_LITERAL_CONVERSION = YES;
				CLANG_WARN_OBJC_ROOT_CLASS = YES_ERROR;
				CLANG_WARN_RANGE_LOOP_ANALYSIS = YES;
				CLANG_WARN_STRICT_PROTOTYPES = YES;
				CLANG_WARN_SUSPICIOUS_MOVE = YES;
				CLANG_WARN_UNGUARDED_AVAILABILITY = YES_AGGRESSIVE;
				CLANG_WARN_UNREACHABLE_CODE = YES;
				CLANG_WARN__DUPLICATE_METHOD_MATCH = YES;
				CODE_SIGN_IDENTITY = "iPhone Developer";
				COPY_PHASE_STRIP = NO;
				DEBUG_INFORMATION_FORMAT = "dwarf-with-dsym";
				ENABLE_NS_ASSERTIONS = NO;
				ENABLE_STRICT_OBJC_MSGSEND = YES;
				GCC_C_LANGUAGE_STANDARD = gnu11;
				GCC_NO_COMMON_BLOCKS = YES;
				GCC_WARN_64_TO_32_BIT_CONVERSION = YES;
				GCC_WARN_ABOUT_RETURN_TYPE = YES_ERROR;
				GCC_WARN_UNDECLARED_SELECTOR = YES;
				GCC_WARN_UNINITIALIZED_AUTOS = YES_AGGRESSIVE;
				GCC_WARN_UNUSED_FUNCTION = YES;
				GCC_WARN_UNUSED_VARIABLE = YES;
				IPHONEOS_DEPLOYMENT_TARGET = 12.4;
				MTL_ENABLE_DEBUG_INFO = NO;
				MTL_FAST_MATH = YES;
				SDKROOT = iphoneos;
				SWIFT_COMPILATION_MODE = wholemodule;
				SWIFT_OPTIMIZATION_LEVEL = "-O";
				VALIDATE_PRODUCT = YES;
			};
			name = Release;
		};
		ACEF7AF222F7B15C00840EFA /* Debug */ = {
			isa = XCBuildConfiguration;
			buildSettings = {
				ASSETCATALOG_COMPILER_APPICON_NAME = AppIcon;
				CODE_SIGN_STYLE = Automatic;
				DEVELOPMENT_TEAM = EQNJ9FG9YA;
				INFOPLIST_FILE = "Gesture Counter/Info.plist";
				LD_RUNPATH_SEARCH_PATHS = (
					"$(inherited)",
					"@executable_path/Frameworks",
				);
				PRODUCT_BUNDLE_IDENTIFIER = "com.digitalmirko.Gesture-Counter";
				PRODUCT_NAME = "$(TARGET_NAME)";
				SWIFT_VERSION = 5.0;
				TARGETED_DEVICE_FAMILY = "1,2";
			};
			name = Debug;
		};
		ACEF7AF322F7B15C00840EFA /* Release */ = {
			isa = XCBuildConfiguration;
			buildSettings = {
				ASSETCATALOG_COMPILER_APPICON_NAME = AppIcon;
				CODE_SIGN_STYLE = Automatic;
				DEVELOPMENT_TEAM = EQNJ9FG9YA;
				INFOPLIST_FILE = "Gesture Counter/Info.plist";
				LD_RUNPATH_SEARCH_PATHS = (
					"$(inherited)",
					"@executable_path/Frameworks",
				);
				PRODUCT_BUNDLE_IDENTIFIER = "com.digitalmirko.Gesture-Counter";
				PRODUCT_NAME = "$(TARGET_NAME)";
				SWIFT_VERSION = 5.0;
				TARGETED_DEVICE_FAMILY = "1,2";
			};
			name = Release;
		};
/* End XCBuildConfiguration section */

/* Begin XCConfigurationList section */
		ACEF7ADA22F7B15B00840EFA /* Build configuration list for PBXProject "Gesture Counter" */ = {
			isa = XCConfigurationList;
			buildConfigurations = (
				ACEF7AEF22F7B15C00840EFA /* Debug */,
				ACEF7AF022F7B15C00840EFA /* Release */,
			);
			defaultConfigurationIsVisible = 0;
			defaultConfigurationName = Release;
		};
		ACEF7AF122F7B15C00840EFA /* Build configuration list for PBXNativeTarget "Gesture Counter" */ = {
			isa = XCConfigurationList;
			buildConfigurations = (
				ACEF7AF222F7B15C00840EFA /* Debug */,
				ACEF7AF322F7B15C00840EFA /* Release */,
			);
			defaultConfigurationIsVisible = 0;
			defaultConfigurationName = Release;
		};
/* End XCConfigurationList section */
	};
	rootObject = ACEF7AD722F7B15B00840EFA /* Project object */;
}
